
Microsoft Visual Studio Solution File, Format Version 12.00
# Visual Studio 14
VisualStudioVersion = 14.0.25123.0
MinimumVisualStudioVersion = 10.0.40219.1
Project("{FAE04EC0-301F-11D3-BF4B-00C04F79EFBC}") = "calculator-client", "calculator-client\calculator-client.csproj", "{C3460911-7DAE-498A-B3F1-B1FD71031FE1}"
EndProject
Project("{FAE04EC0-301F-11D3-BF4B-00C04F79EFBC}") = "calculator-service", "calculator-service\calculator-service.csproj", "{D85CD232-4D4D-4B9F-AC44-E4F34CE39636}"
EndProject
Global
	GlobalSection(SolutionConfigurationPlatforms) = preSolution
		Debug|Any CPU = Debug|Any CPU
		Release|Any CPU = Release|Any CPU
	EndGlobalSection
	GlobalSection(ProjectConfigurationPlatforms) = postSolution
		{C3460911-7DAE-498A-B3F1-B1FD71031FE1}.Debug|Any CPU.ActiveCfg = Debug|Any CPU
		{C3460911-7DAE-498A-B3F1-B1FD71031FE1}.Debug|Any CPU.Build.0 = Debug|Any CPU
		{C3460911-7DAE-498A-B3F1-B1FD71031FE1}.Release|Any CPU.ActiveCfg = Release|Any CPU
		{C3460911-7DAE-498A-B3F1-B1FD71031FE1}.Release|Any CPU.Build.0 = Release|Any CPU
		{D85CD232-4D4D-4B9F-AC44-E4F34CE39636}.Debug|Any CPU.ActiveCfg = Debug|Any CPU
		{D85CD232-4D4D-4B9F-AC44-E4F34CE39636}.Debug|Any CPU.Build.0 = Debug|Any CPU
		{D85CD232-4D4D-4B9F-AC44-E4F34CE39636}.Release|Any CPU.ActiveCfg = Release|Any CPU
		{D85CD232-4D4D-4B9F-AC44-E4F34CE39636}.Release|Any CPU.Build.0 = Release|Any CPU
	EndGlobalSection
	GlobalSection(SolutionProperties) = preSolution
		HideSolutionNode = FALSE
	EndGlobalSection
EndGlobal
